{
  "version": 1,
  "dependencies": {
    "net8.0": {
      "Microsoft.NET.Test.Sdk": {
        "type": "Direct",
        "requested": "[18.10.0, )",
        "resolved": "18.10.0",
        "contentHash": "0CZZ688UBvpQFB9HKo7wrNJNVe+AOM4UtipgwpER3TTM+d2DDM6QyKkIJZTR3mpbn9/zFbZEtAgVIz4SPTjQZQ==",
        "dependencies": {
          "Microsoft.CodeCoverage": "18.10.0",
          "Microsoft.TestPlatform.TestHost": "18.10.0"
        }
      },
      "xunit": {
        "type": "Direct",
        "requested": "[2.9.3, )",
        "resolved": "2.9.3",
        "contentHash": "TlXQBinK35LpOPKHAqbLY4xlEen9TBafjs0V5KnA4wZsoQLQJiirCR4CbIXvOH8NzkW4YeJKP5P/Bnrodm0h9Q==",
        "dependencies": {
          "xunit.analyzers": "1.18.0",
          "xunit.assert": "2.9.3",
          "xunit.core": "[2.9.3]"
        }
      },
      "xunit.runner.visualstudio": {
        "type": "Direct",
        "requested": "[2.4.5, )",
        "resolved": "2.4.5",
        "contentHash": "OwHamvBdUKgqsXfBzWiCW/O98BTx81UKzx2bieIOQI7CZFE5NEQZGi8PBQGIKawDW96xeRffiNf20SjfC0x9hw=="
      },
      "Microsoft.CodeCoverage": {
        "type": "Transitive",
        "resolved": "18.10.0",
        "contentHash": "zo1hqV+Nz6FlIwdc+aPfrvGzqfKAPPaZ6OPj1W8C0QQE2xH951AZwTUytL3K7XX8brVBUFd7MhrLDl3CtK3U/A=="
      },
      "Microsoft.TestPlatform.ObjectModel": {
        "type": "Transitive",
        "resolved": "18.10.0",
        "contentHash": "aXA7DDbnt6MYu3eLBEDksNdl09QxJ/PpMzrFcSxqEOk3RvRGJzhKI5mezVCEOcvveRhjfw/mvn6xVXC/rTaOog=="
      },
      "Microsoft.TestPlatform.TestHost": {
        "type": "Transitive",
        "resolved": "18.10.0",
        "contentHash": "Spu6C7bgz1PmWN+Y7wS0PfGCw9Kwv5RvJbCwyQaEWjcwpMire+qYMrcZ7qk8agjy6nd0sdHLc3ugCSrGuSbZdw==",
        "dependencies": {
          "Microsoft.TestPlatform.ObjectModel": "18.10.0"
        }
      },
      "runtime.android-arm.runtime.native.System.IO.Ports": {
        "type": "Transitive",
        "resolved": "10.0.12",
        "contentHash": "Z/jM+BuTfcX79NS8VbO4d15Tkyu8EqO2E8U3HiTQPpohGzhJFwlh6BNzbo/sYfhJSCPOzgSTNRNwIdT4LnVIRA=="
      },
      "runtime.android-arm64.runtime.native.System.IO.Ports": {
        "type": "Transitive",
        "resolved": "10.0.12",
        "contentHash": "utoE99MiG/ridu5LjjQifFt6qQ3vqGzWJt32McOc6BpgYfT8jcujFZTR3XKo5vbOH0P81niXQLYXq5wUkm8s5Q=="
      },
      "runtime.android-x64.runtime.native.System.IO.Ports": {
        "type": "Transitive",
        "resolved": "10.0.12",
        "contentHash": "j/bG8wTQ+qABBQtLqnvjna/e7EwN+oQKeXQF1J2sYp1qtAnrU93XukWk55gLcWPuStd/oEEGdBnmyS/rIJ2hRw=="
      },
      "runtime.android-x86.runtime.native.System.IO.Ports": {
        "type": "Transitive",
        "resolved": "10.0.12",
        "contentHash": "UnOkndww8moHF8NKSFyslswuIkEKOmxAdIW83gg2CV2JTh4G62jZ7PNYbSrYH2BTbAQA7UTGZWZgOALu/LzVVQ=="
      },
      "runtime.linux-arm.runtime.native.System.IO.Ports": {
        "type": "Transitive",
        "resolved": "10.0.12",
        "contentHash": "SZMB6F6EiZFNTHs5ado5lwqXsYit/bQdtSeaP/HxHqlJ67+aBwsElmT88UUZCnHTvdcSxNyntzelHmK2U6j+6g=="
      },
      "runtime.linux-arm64.runtime.native.System.IO.Ports": {
        "type": "Transitive",
        "resolved": "10.0.12",
        "contentHash": "C++hCDe7uJB69rlC8C4yBVxe6oJMCwK6+wXCHKz/8yHUm4UDUojxOj/DaXfK2M9zLVEurjEQTqfEKTkI5rmAhg=="
      },
      "runtime.linux-bionic-arm64.runtime.native.System.IO.Ports": {
        "type": "Transitive",
        "resolved": "10.0.12",
        "contentHash": "aPlLOh2vMfMiWaEcxB72t4LZehqXria6O+/KSwk0SClBDEDOetDMeGzvAL2eSW49GTTJOUgfPG4Ar6AYGpOeOg=="
      },
      "runtime.linux-bionic-x64.runtime.native.System.IO.Ports": {
        "type": "Transitive",
        "resolved": "10.0.12",
        "contentHash": "39560dDxf2JWUjeBKPh+1Hzijsd60U2W5UMc2iqno/qae7ESARett9JegQA8q0rgqztGBzZFfr8GvVu2QptYpA=="
      },
      "runtime.linux-musl-arm.runtime.native.System.IO.Ports": {
        "type": "Transitive",
        "resolved": "10.0.12",
        "contentHash": "2KI4Qr0w17xkKtLXgo5e3BkElEa4bTCapevoNOH9NgRZKIKmHiwGWDVHWjLp8z8oGpeF3cD4YNuJmycT/yMzkg=="
      },
      "runtime.linux-musl-arm64.runtime.native.System.IO.Ports": {
        "type": "Transitive",
        "resolved": "10.0.12",
        "contentHash": "HSZfyGYdk/AQpN1TjdAE7DbUItEMPPoOemNSQ+fMwT0r7ATigIK9Z0RA+q/J6aZGg0qh9s0ekm/9xxEIZzOnLA=="
      },
      "runtime.linux-musl-x64.runtime.native.System.IO.Ports": {
        "type": "Transitive",
        "resolved": "10.0.12",
        "contentHash": "T4QpdiKC2SnSREXzex8METnaj5F9KL0hIcDypDhONRXykmySxLSUnLV1u6hMtxONhKo1RXTGg0P/+zZ95cREaw=="
      },
      "runtime.linux-x64.runtime.native.System.IO.Ports": {
        "type": "Transitive",
        "resolved": "10.0.12",
        "contentHash": "MDmkBZV5iTMC/vBcWupVo50Uj/I+nWUeB/DaG4ZbowZFJWPiViCaJpCkgABnRBtXLdzIMEtqQ2GwPbp1JlkzTw=="
      },
      "runtime.maccatalyst-arm64.runtime.native.System.IO.Ports": {
        "type": "Transitive",
        "resolved": "10.0.12",
        "contentHash": "0jKM5ZXk+o24eoOFmjN04vkojBBx1LLahDt/xCayu1AGbY5vnruHFrLEAd8vxDMmkOsm7eC6DwQ/uDRni88h4g=="
      },
      "runtime.maccatalyst-x64.runtime.native.System.IO.Ports": {
        "type": "Transitive",
        "resolved": "10.0.12",
        "contentHash": "ztIRG0G+EJDg++jVibtGTEJS70H90xUPPOPZKgnlwzvgaf/2nMgYvr+nxkVRoVFyQJXSJ11Z8PVDBKOyFdVk7Q=="
      },
      "runtime.native.System.IO.Ports": {
        "type": "Transitive",
        "resolved": "10.0.12",
        "contentHash": "yBj+VYnDoB0jaq9mKgtDZJ13VndsD3WsDuWeqPaN1AXVwg7XgxHhxSq8+t7dWnTZY2kIC0qqmXH05DbdiOgtRw==",
        "dependencies": {
          "runtime.android-arm.runtime.native.System.IO.Ports": "10.0.12",
          "runtime.android-arm64.runtime.native.System.IO.Ports": "10.0.12",
          "runtime.android-x64.runtime.native.System.IO.Ports": "10.0.12",
          "runtime.android-x86.runtime.native.System.IO.Ports": "10.0.12",
          "runtime.linux-arm.runtime.native.System.IO.Ports": "10.0.12",
          "runtime.linux-arm64.runtime.native.System.IO.Ports": "10.0.12",
          "runtime.linux-bionic-arm64.runtime.native.System.IO.Ports": "10.0.12",
          "runtime.linux-bionic-x64.runtime.native.System.IO.Ports": "10.0.12",
          "runtime.linux-musl-arm.runtime.native.System.IO.Ports": "10.0.12",
          "runtime.linux-musl-arm64.runtime.native.System.IO.Ports": "10.0.12",
          "runtime.linux-musl-x64.runtime.native.System.IO.Ports": "10.0.12",
          "runtime.linux-x64.runtime.native.System.IO.Ports": "10.0.12",
          "runtime.maccatalyst-arm64.runtime.native.System.IO.Ports": "10.0.12",
          "runtime.maccatalyst-x64.runtime.native.System.IO.Ports": "10.0.12",
          "runtime.osx-arm64.runtime.native.System.IO.Ports": "10.0.12",
          "runtime.osx-x64.runtime.native.System.IO.Ports": "10.0.12"
        }
      },
      "runtime.osx-arm64.runtime.native.System.IO.Ports": {
        "type": "Transitive",
        "resolved": "10.0.12",
        "contentHash": "UqHl4MuMB3pNx1l5H1IFroh739Gq/yuF1IeXgMIaeFVWF+3YVRhZY4GvOCWfaQdBOUXIHezN6vxXnCO6ENdf2g=="
      },
      "runtime.osx-x64.runtime.native.System.IO.Ports": {
        "type": "Transitive",
        "resolved": "10.0.12",
        "contentHash": "xW3WrR+5Q5lKfsZpVD5I3H72xGKBPgdXnw+/qi/bN33TUP2dCOhZp4vQ5wB86WXfAv6QL9Jy55s5k9AalajO5w=="
      },
      "System.CodeDom": {
        "type": "Transitive",
        "resolved": "10.0.12",
        "contentHash": "Kk3yEavoGHXCAFTLLegxztgSdj24JrkAHelwgWnu+YMFxezcU2DbABEOOIMdy04PExUtKQtlazaKqo0qSa1X6A=="
      },
      "System.IO.Ports": {
        "type": "Transitive",
        "resolved": "10.0.12",
        "contentHash": "qUa36rEId4mz9sf7mICT3kKC0DUetmqaKSmJxPPx2hgT7U8qDTjCSrqmWkCIWpU00f2ltWloYB0iy5BKymIuuQ==",
        "dependencies": {
          "runtime.native.System.IO.Ports": "10.0.12"
        }
      },
      "System.Management": {
        "type": "Transitive",
        "resolved": "10.0.12",
        "contentHash": "ApUsYmsNG8aPiMxsO6ROGZnqJwSZY8zeMlAQcuQg+ilPFUcIyBUC0BL8qA6wmPLNVsvL4nyhUrhhxh6qn0cx0Q==",
        "dependencies": {
          "System.CodeDom": "10.0.12"
        }
      },
      "xunit.abstractions": {
        "type": "Transitive",
        "resolved": "2.0.3",
        "contentHash": "pot1I4YOxlWjIb5jmwvvQNbTrZ3lJQ+jUGkGjWE3hEFM0l5gOnBWS+H3qsex68s5cO52g+44vpGzhAt+42vwKg=="
      },
      "xunit.analyzers": {
        "type": "Transitive",
        "resolved": "1.18.0",
        "contentHash": "OtFMHN8yqIcYP9wcVIgJrq01AfTxijjAqVDy/WeQVSyrDC1RzBWeQPztL49DN2syXRah8TYnfvk035s7L95EZQ=="
      },
      "xunit.assert": {
        "type": "Transitive",
        "resolved": "2.9.3",
        "contentHash": "/Kq28fCE7MjOV42YLVRAJzRF0WmEqsmflm0cfpMjGtzQ2lR5mYVj1/i0Y8uDAOLczkL3/jArrwehfMD0YogMAA=="
      },
      "xunit.core": {
        "type": "Transitive",
        "resolved": "2.9.3",
        "contentHash": "BiAEvqGvyme19wE0wTKdADH+NloYqikiU0mcnmiNyXaF9HyHmE6sr/3DC5vnBkgsWaE6yPyWszKSPSApWdRVeQ==",
        "dependencies": {
          "xunit.extensibility.core": "[2.9.3]",
          "xunit.extensibility.execution": "[2.9.3]"
        }
      },
      "xunit.extensibility.core": {
        "type": "Transitive",
        "resolved": "2.9.3",
        "contentHash": "kf3si0YTn2a8J8eZNb+zFpwfoyvIrQ7ivNk5ZYA5yuYk1bEtMe4DxJ2CF/qsRgmEnDr7MnW1mxylBaHTZ4qErA==",
        "dependencies": {
          "xunit.abstractions": "2.0.3"
        }
      },
      "xunit.extensibility.execution": {
        "type": "Transitive",
        "resolved": "2.9.3",
        "contentHash": "yMb6vMESlSrE3Wfj7V6cjQ3S4TXdXpRqYeNEI3zsX31uTsGMJjEw6oD5F5u1cHnMptjhEECnmZSsPxB6ChZHDQ==",
        "dependencies": {
          "xunit.extensibility.core": "[2.9.3]"
        }
      },
      "rodinbell.d100": {
        "type": "Project",
        "dependencies": {
          "System.IO.Ports": "[10.0.12, )",
          "System.Management": "[10.0.12, )"
        }
      }
    }
  }
}